# This file is automatically @generated by Cargo.
# It is not intended for manual editing.
version = 3

[[package]]
name = "tectflow_data"
version = "0.1.0"

[[package]]
name = "tectflow_entrypoint"
version = "0.1.0"

[[package]]
name = "tectflow_frontend"
version = "0.1.0"

[[package]]
name = "tectflow_manipulate"
version = "0.1.0"
